// !$*UTF8*$!
{
	archiveVersion = 1;
	classes = {
	};
	objectVersion = 77;
	objects = {

/* Begin PBXBuildFile section */
		099134B7A9A18F50C1FD600F /* PhotoGridView.swift in Sources */ = {isa = PBXBuildFile; fileRef = 62E06E18078E2DAB2CFEA789 /* PhotoGridView.swift */; };
		153E70539709C1A0B3166947 /* RawEngineIntegrationTests.swift in Sources */ = {isa = PBXBuildFile; fileRef = 60245D6220EAB3366F23F28E /* RawEngineIntegrationTests.swift */; };
		1B03F3451503090786D7AA11 /* MetadataReader.swift in Sources */ = {isa = PBXBuildFile; fileRef = 9F83980AE8E25989D79EDFC1 /* MetadataReader.swift */; };
		1E93F849B631AC450F61E9A6 /* DecisionBar.swift in Sources */ = {isa = PBXBuildFile; fileRef = B5E69B78AEDA1BBEEF380AD6 /* DecisionBar.swift */; };
		2DB5A88E5F6FD751B180377F /* RawEngine in Frameworks */ = {isa = PBXBuildFile; productRef = 978527310D135EDB75FD6DE6 /* RawEngine */; };
		3431FFAEA9975B01AF8F4F82 /* EmptyLibraryView.swift in Sources */ = {isa = PBXBuildFile; fileRef = D2F69A84F19759E392774855 /* EmptyLibraryView.swift */; };
		35D0942280E5039859ED673A /* Assets.xcassets in Resources */ = {isa = PBXBuildFile; fileRef = A19487810C764FAE326A45F6 /* Assets.xcassets */; };
		35D0942280E5039859ED673B /* AppIcon.icon in Resources */ = {isa = PBXBuildFile; fileRef = A19487810C764FAE326A45F7 /* AppIcon.icon */; };
		38402D4A7A4D03DA9768C187 /* PhotoDecision.swift in Sources */ = {isa = PBXBuildFile; fileRef = 3889F0E11E2885F910FD016A /* PhotoDecision.swift */; };
		3873D7F70DA5264846188B7B /* WorkspaceView.swift in Sources */ = {isa = PBXBuildFile; fileRef = B06047289F1C3D7CC406D2E4 /* WorkspaceView.swift */; };
		45C07B4B282EF04155C3243D /* PhotoMetadata.swift in Sources */ = {isa = PBXBuildFile; fileRef = 43D419D98C74AC2B3D2A7061 /* PhotoMetadata.swift */; };
		46D431147DEA5C4A3844171B /* PhotoLibraryScanner.swift in Sources */ = {isa = PBXBuildFile; fileRef = 5B452C58072D937C42F7A561 /* PhotoLibraryScanner.swift */; };
		697BD2E3ABD199D84E1E3182 /* AppModel.swift in Sources */ = {isa = PBXBuildFile; fileRef = 91981DEC22C8D4FC92869FE0 /* AppModel.swift */; };
		6C9F4B0141B024E512EE2D8F /* CaptureStrip.swift in Sources */ = {isa = PBXBuildFile; fileRef = 61DBC3C4C56CF6817705535C /* CaptureStrip.swift */; };
		7519E8A46A3ADAF86E34A006 /* RejectedPhotoManagerTests.swift in Sources */ = {isa = PBXBuildFile; fileRef = 2D707B13BBAF7D4260CC3E68 /* RejectedPhotoManagerTests.swift */; };
		7924443CD1B120AC189DA573 /* RootView.swift in Sources */ = {isa = PBXBuildFile; fileRef = DC6904476C5C739621CFDF3E /* RootView.swift */; };
		848FC19F09A21E5224F6A02B /* FilmstripView.swift in Sources */ = {isa = PBXBuildFile; fileRef = D797299756DC32BAC7021E16 /* FilmstripView.swift */; };
		8EC2FB84546EECBC0BBF3210 /* PickroomColors.swift in Sources */ = {isa = PBXBuildFile; fileRef = 32D5AFBDEA7ACBF7A8394AB2 /* PickroomColors.swift */; };
		963B5FEE0586F0F6AB7C0997 /* PhotoMetadataTests.swift in Sources */ = {isa = PBXBuildFile; fileRef = 8F8A2F8B975DAF24C3F5C68B /* PhotoMetadataTests.swift */; };
		A1C0DE0000000000000000B2 /* CullingShortcutTests.swift in Sources */ = {isa = PBXBuildFile; fileRef = A1C0DE0000000000000000B1 /* CullingShortcutTests.swift */; };
		98B6F38CDAAC043FD507631F /* SVGSupport.swift in Sources */ = {isa = PBXBuildFile; fileRef = B8FD134522897043D4B20D0E /* SVGSupport.swift */; };
		A8B07C78562B7658EA25A39F /* RejectedPhotoManager.swift in Sources */ = {isa = PBXBuildFile; fileRef = DBBC7BE440CB53F8EBB8198B /* RejectedPhotoManager.swift */; };
		AD68F6F110B4632DA8B45471 /* PhotoLibraryScannerTests.swift in Sources */ = {isa = PBXBuildFile; fileRef = 0D21F24F56C2F35D66BE9F30 /* PhotoLibraryScannerTests.swift */; };
		B4C21DAE9275CBA8CBECBCDD /* PickroomApp.swift in Sources */ = {isa = PBXBuildFile; fileRef = 255499001AE7023D63036DA1 /* PickroomApp.swift */; };
		BCBFB9A035C76FC468254FFF /* PhotoAsset.swift in Sources */ = {isa = PBXBuildFile; fileRef = 49FB714DD784BE842443B96C /* PhotoAsset.swift */; };
		D834F9CBC6D2704ABCEDA47C /* SelectionStore.swift in Sources */ = {isa = PBXBuildFile; fileRef = 5E0F75D23A7CF496789BF67D /* SelectionStore.swift */; };
		E00E48053FF3EE32B8B6E616 /* PhotoCanvas.swift in Sources */ = {isa = PBXBuildFile; fileRef = 895433C4407F9690063D4606 /* PhotoCanvas.swift */; };
		A1C0DE0000000000000000C2 /* TrackpadScroll.swift in Sources */ = {isa = PBXBuildFile; fileRef = A1C0DE0000000000000000C1 /* TrackpadScroll.swift */; };
		E909502BC319FE6F4AAEEAB7 /* RawEngine in Frameworks */ = {isa = PBXBuildFile; productRef = 8289D8FB4B91C6DC184CD4A3 /* RawEngine */; };
		ED29436789412C1601B08233 /* SidebarView.swift in Sources */ = {isa = PBXBuildFile; fileRef = 76B6F1F587D15DE36A82C578 /* SidebarView.swift */; };
		EFEF28F112A2DB5F9A2A4F0C /* InspectorView.swift in Sources */ = {isa = PBXBuildFile; fileRef = FE0B0CD9F075AA79F9F9A240 /* InspectorView.swift */; };
		FB56D38DFBFD20EFE907B84D /* PickroomCommands.swift in Sources */ = {isa = PBXBuildFile; fileRef = 72617B006365D2AFF1E961A9 /* PickroomCommands.swift */; };
		A1C0DE0000000000000000A2 /* CullingShortcuts.swift in Sources */ = {isa = PBXBuildFile; fileRef = A1C0DE0000000000000000A1 /* CullingShortcuts.swift */; };
		FC2B4539E31EB37AC5D9A851 /* PreviewPipeline.swift in Sources */ = {isa = PBXBuildFile; fileRef = 6A14C890D518D4EDC6CF1959 /* PreviewPipeline.swift */; };
/* End PBXBuildFile section */

/* Begin PBXContainerItemProxy section */
		F87BB94204321F42633DCD16 /* PBXContainerItemProxy */ = {
			isa = PBXContainerItemProxy;
			containerPortal = 247DA3AC33E754C523C34B8A /* Project object */;
			proxyType = 1;
			remoteGlobalIDString = CFDF25868F9BAF574017C0C3;
			remoteInfo = Pickroom;
		};
/* End PBXContainerItemProxy section */

/* Begin PBXFileReference section */
		0D21F24F56C2F35D66BE9F30 /* PhotoLibraryScannerTests.swift */ = {isa = PBXFileReference; lastKnownFileType = sourcecode.swift; path = PhotoLibraryScannerTests.swift; sourceTree = "<group>"; };
		255499001AE7023D63036DA1 /* PickroomApp.swift */ = {isa = PBXFileReference; lastKnownFileType = sourcecode.swift; path = PickroomApp.swift; sourceTree = "<group>"; };
		2B5D5E6D8B4F62CEDF731ACC /* RawEngine */ = {isa = PBXFileReference; lastKnownFileType = folder; name = RawEngine; path = Packages/RawEngine; sourceTree = SOURCE_ROOT; };
		2D707B13BBAF7D4260CC3E68 /* RejectedPhotoManagerTests.swift */ = {isa = PBXFileReference; lastKnownFileType = sourcecode.swift; path = RejectedPhotoManagerTests.swift; sourceTree = "<group>"; };
		32D5AFBDEA7ACBF7A8394AB2 /* PickroomColors.swift */ = {isa = PBXFileReference; lastKnownFileType = sourcecode.swift; path = PickroomColors.swift; sourceTree = "<group>"; };
		3889F0E11E2885F910FD016A /* PhotoDecision.swift */ = {isa = PBXFileReference; lastKnownFileType = sourcecode.swift; path = PhotoDecision.swift; sourceTree = "<group>"; };
		43D419D98C74AC2B3D2A7061 /* PhotoMetadata.swift */ = {isa = PBXFileReference; lastKnownFileType = sourcecode.swift; path = PhotoMetadata.swift; sourceTree = "<group>"; };
		49FB714DD784BE842443B96C /* PhotoAsset.swift */ = {isa = PBXFileReference; lastKnownFileType = sourcecode.swift; path = PhotoAsset.swift; sourceTree = "<group>"; };
		5B452C58072D937C42F7A561 /* PhotoLibraryScanner.swift */ = {isa = PBXFileReference; lastKnownFileType = sourcecode.swift; path = PhotoLibraryScanner.swift; sourceTree = "<group>"; };
		5E0F75D23A7CF496789BF67D /* SelectionStore.swift */ = {isa = PBXFileReference; lastKnownFileType = sourcecode.swift; path = SelectionStore.swift; sourceTree = "<group>"; };
		5F7930C5B56F817C5CED6763 /* Pickroom.app */ = {isa = PBXFileReference; explicitFileType = wrapper.application; includeInIndex = 0; path = Pickroom.app; sourceTree = BUILT_PRODUCTS_DIR; };
		60245D6220EAB3366F23F28E /* RawEngineIntegrationTests.swift */ = {isa = PBXFileReference; lastKnownFileType = sourcecode.swift; path = RawEngineIntegrationTests.swift; sourceTree = "<group>"; };
		61DBC3C4C56CF6817705535C /* CaptureStrip.swift */ = {isa = PBXFileReference; lastKnownFileType = sourcecode.swift; path = CaptureStrip.swift; sourceTree = "<group>"; };
		62E06E18078E2DAB2CFEA789 /* PhotoGridView.swift */ = {isa = PBXFileReference; lastKnownFileType = sourcecode.swift; path = PhotoGridView.swift; sourceTree = "<group>"; };
		6A14C890D518D4EDC6CF1959 /* PreviewPipeline.swift */ = {isa = PBXFileReference; lastKnownFileType = sourcecode.swift; path = PreviewPipeline.swift; sourceTree = "<group>"; };
		72617B006365D2AFF1E961A9 /* PickroomCommands.swift */ = {isa = PBXFileReference; lastKnownFileType = sourcecode.swift; path = PickroomCommands.swift; sourceTree = "<group>"; };
		A1C0DE0000000000000000A1 /* CullingShortcuts.swift */ = {isa = PBXFileReference; lastKnownFileType = sourcecode.swift; path = CullingShortcuts.swift; sourceTree = "<group>"; };
		76B6F1F587D15DE36A82C578 /* SidebarView.swift */ = {isa = PBXFileReference; lastKnownFileType = sourcecode.swift; path = SidebarView.swift; sourceTree = "<group>"; };
		895433C4407F9690063D4606 /* PhotoCanvas.swift */ = {isa = PBXFileReference; lastKnownFileType = sourcecode.swift; path = PhotoCanvas.swift; sourceTree = "<group>"; };
		A1C0DE0000000000000000C1 /* TrackpadScroll.swift */ = {isa = PBXFileReference; lastKnownFileType = sourcecode.swift; path = TrackpadScroll.swift; sourceTree = "<group>"; };
		8F8A2F8B975DAF24C3F5C68B /* PhotoMetadataTests.swift */ = {isa = PBXFileReference; lastKnownFileType = sourcecode.swift; path = PhotoMetadataTests.swift; sourceTree = "<group>"; };
		A1C0DE0000000000000000B1 /* CullingShortcutTests.swift */ = {isa = PBXFileReference; lastKnownFileType = sourcecode.swift; path = CullingShortcutTests.swift; sourceTree = "<group>"; };
		91981DEC22C8D4FC92869FE0 /* AppModel.swift */ = {isa = PBXFileReference; lastKnownFileType = sourcecode.swift; path = AppModel.swift; sourceTree = "<group>"; };
		9F83980AE8E25989D79EDFC1 /* MetadataReader.swift */ = {isa = PBXFileReference; lastKnownFileType = sourcecode.swift; path = MetadataReader.swift; sourceTree = "<group>"; };
		A19487810C764FAE326A45F6 /* Assets.xcassets */ = {isa = PBXFileReference; lastKnownFileType = folder.assetcatalog; path = Assets.xcassets; sourceTree = "<group>"; };
		A19487810C764FAE326A45F7 /* AppIcon.icon */ = {isa = PBXFileReference; lastKnownFileType = folder.iconcomposer.icon; path = AppIcon.icon; sourceTree = "<group>"; };
		B06047289F1C3D7CC406D2E4 /* WorkspaceView.swift */ = {isa = PBXFileReference; lastKnownFileType = sourcecode.swift; path = WorkspaceView.swift; sourceTree = "<group>"; };
		B5E69B78AEDA1BBEEF380AD6 /* DecisionBar.swift */ = {isa = PBXFileReference; lastKnownFileType = sourcecode.swift; path = DecisionBar.swift; sourceTree = "<group>"; };
		B8FD134522897043D4B20D0E /* SVGSupport.swift */ = {isa = PBXFileReference; lastKnownFileType = sourcecode.swift; path = SVGSupport.swift; sourceTree = "<group>"; };
		D2F69A84F19759E392774855 /* EmptyLibraryView.swift */ = {isa = PBXFileReference; lastKnownFileType = sourcecode.swift; path = EmptyLibraryView.swift; sourceTree = "<group>"; };
		D797299756DC32BAC7021E16 /* FilmstripView.swift */ = {isa = PBXFileReference; lastKnownFileType = sourcecode.swift; path = FilmstripView.swift; sourceTree = "<group>"; };
		DBBC7BE440CB53F8EBB8198B /* RejectedPhotoManager.swift */ = {isa = PBXFileReference; lastKnownFileType = sourcecode.swift; path = RejectedPhotoManager.swift; sourceTree = "<group>"; };
		DC6904476C5C739621CFDF3E /* RootView.swift */ = {isa = PBXFileReference; lastKnownFileType = sourcecode.swift; path = RootView.swift; sourceTree = "<group>"; };
		E3E5BCB629C6BB27F92AB3FF /* PickroomTests.xctest */ = {isa = PBXFileReference; explicitFileType = wrapper.cfbundle; includeInIndex = 0; path = PickroomTests.xctest; sourceTree = BUILT_PRODUCTS_DIR; };
		FE0B0CD9F075AA79F9F9A240 /* InspectorView.swift */ = {isa = PBXFileReference; lastKnownFileType = sourcecode.swift; path = InspectorView.swift; sourceTree = "<group>"; };
/* End PBXFileReference section */

/* Begin PBXFrameworksBuildPhase section */
		943EFB4A8A5D1792570827DA /* Frameworks */ = {
			isa = PBXFrameworksBuildPhase;
			buildActionMask = 2147483647;
			files = (
				2DB5A88E5F6FD751B180377F /* RawEngine in Frameworks */,
			);
			runOnlyForDeploymentPostprocessing = 0;
		};
		98F50DE75DB38BD7FDB44FB4 /* Frameworks */ = {
			isa = PBXFrameworksBuildPhase;
			buildActionMask = 2147483647;
			files = (
				E909502BC319FE6F4AAEEAB7 /* RawEngine in Frameworks */,
			);
			runOnlyForDeploymentPostprocessing = 0;
		};
/* End PBXFrameworksBuildPhase section */

/* Begin PBXGroup section */
		1A1659766BF20C5D0133A91D /* PickroomTests */ = {
			isa = PBXGroup;
			children = (
				0D21F24F56C2F35D66BE9F30 /* PhotoLibraryScannerTests.swift */,
				8F8A2F8B975DAF24C3F5C68B /* PhotoMetadataTests.swift */,
				A1C0DE0000000000000000B1 /* CullingShortcutTests.swift */,
				60245D6220EAB3366F23F28E /* RawEngineIntegrationTests.swift */,
				2D707B13BBAF7D4260CC3E68 /* RejectedPhotoManagerTests.swift */,
			);
			path = PickroomTests;
			sourceTree = "<group>";
		};
		27DF221AD608AC05352830B6 /* Views */ = {
			isa = PBXGroup;
			children = (
				61DBC3C4C56CF6817705535C /* CaptureStrip.swift */,
				B5E69B78AEDA1BBEEF380AD6 /* DecisionBar.swift */,
				D2F69A84F19759E392774855 /* EmptyLibraryView.swift */,
				D797299756DC32BAC7021E16 /* FilmstripView.swift */,
				FE0B0CD9F075AA79F9F9A240 /* InspectorView.swift */,
				895433C4407F9690063D4606 /* PhotoCanvas.swift */,
				A1C0DE0000000000000000C1 /* TrackpadScroll.swift */,
				62E06E18078E2DAB2CFEA789 /* PhotoGridView.swift */,
				32D5AFBDEA7ACBF7A8394AB2 /* PickroomColors.swift */,
				DC6904476C5C739621CFDF3E /* RootView.swift */,
				76B6F1F587D15DE36A82C578 /* SidebarView.swift */,
				B06047289F1C3D7CC406D2E4 /* WorkspaceView.swift */,
			);
			path = Views;
			sourceTree = "<group>";
		};
		47C4A5315F93C3BA013B1E65 /* State */ = {
			isa = PBXGroup;
			children = (
				91981DEC22C8D4FC92869FE0 /* AppModel.swift */,
			);
			path = State;
			sourceTree = "<group>";
		};
		4B54EB0174A68EC3FFD17B81 /* Models */ = {
			isa = PBXGroup;
			children = (
				49FB714DD784BE842443B96C /* PhotoAsset.swift */,
				3889F0E11E2885F910FD016A /* PhotoDecision.swift */,
				43D419D98C74AC2B3D2A7061 /* PhotoMetadata.swift */,
			);
			path = Models;
			sourceTree = "<group>";
		};
		90A315ACFF3A5EECCB072C75 = {
			isa = PBXGroup;
			children = (
				A34E11FDBCA40F074F74DE25 /* Packages */,
				FC1E0CD331D771B2270CBB11 /* Pickroom */,
				1A1659766BF20C5D0133A91D /* PickroomTests */,
				B94833D9DDDC1DD025A604AD /* Products */,
			);
			sourceTree = "<group>";
		};
		A34E11FDBCA40F074F74DE25 /* Packages */ = {
			isa = PBXGroup;
			children = (
				2B5D5E6D8B4F62CEDF731ACC /* RawEngine */,
			);
			path = Packages;
			sourceTree = "<group>";
		};
		B94833D9DDDC1DD025A604AD /* Products */ = {
			isa = PBXGroup;
			children = (
				5F7930C5B56F817C5CED6763 /* Pickroom.app */,
				E3E5BCB629C6BB27F92AB3FF /* PickroomTests.xctest */,
			);
			name = Products;
			sourceTree = "<group>";
		};
		C779E46994B84E29E7B7E233 /* Services */ = {
			isa = PBXGroup;
			children = (
				9F83980AE8E25989D79EDFC1 /* MetadataReader.swift */,
				5B452C58072D937C42F7A561 /* PhotoLibraryScanner.swift */,
				6A14C890D518D4EDC6CF1959 /* PreviewPipeline.swift */,
				DBBC7BE440CB53F8EBB8198B /* RejectedPhotoManager.swift */,
				5E0F75D23A7CF496789BF67D /* SelectionStore.swift */,
				B8FD134522897043D4B20D0E /* SVGSupport.swift */,
			);
			path = Services;
			sourceTree = "<group>";
		};
		D1866D7C3F125D6B629BCDD7 /* App */ = {
			isa = PBXGroup;
			children = (
				255499001AE7023D63036DA1 /* PickroomApp.swift */,
				72617B006365D2AFF1E961A9 /* PickroomCommands.swift */,
				A1C0DE0000000000000000A1 /* CullingShortcuts.swift */,
			);
			path = App;
			sourceTree = "<group>";
		};
		FC1E0CD331D771B2270CBB11 /* Pickroom */ = {
			isa = PBXGroup;
			children = (
				A19487810C764FAE326A45F6 /* Assets.xcassets */,
				A19487810C764FAE326A45F7 /* AppIcon.icon */,
				D1866D7C3F125D6B629BCDD7 /* App */,
				4B54EB0174A68EC3FFD17B81 /* Models */,
				C779E46994B84E29E7B7E233 /* Services */,
				47C4A5315F93C3BA013B1E65 /* State */,
				27DF221AD608AC05352830B6 /* Views */,
			);
			path = Pickroom;
			sourceTree = "<group>";
		};
/* End PBXGroup section */

/* Begin PBXNativeTarget section */
		86BFC6A5834851182B85671E /* PickroomTests */ = {
			isa = PBXNativeTarget;
			buildConfigurationList = F3AEE58D15924544186313CD /* Build configuration list for PBXNativeTarget "PickroomTests" */;
			buildPhases = (
				12C86B107A6095B3641601CC /* Sources */,
				943EFB4A8A5D1792570827DA /* Frameworks */,
			);
			buildRules = (
			);
			dependencies = (
				75F81F79975FC6990BCADA80 /* PBXTargetDependency */,
			);
			name = PickroomTests;
			packageProductDependencies = (
				978527310D135EDB75FD6DE6 /* RawEngine */,
			);
			productName = PickroomTests;
			productReference = E3E5BCB629C6BB27F92AB3FF /* PickroomTests.xctest */;
			productType = "com.apple.product-type.bundle.unit-test";
		};
		CFDF25868F9BAF574017C0C3 /* Pickroom */ = {
			isa = PBXNativeTarget;
			buildConfigurationList = F1D09A027B589BE5BFA0EC65 /* Build configuration list for PBXNativeTarget "Pickroom" */;
			buildPhases = (
				25E04801EC68C7A91FE886BF /* Sources */,
				9C6F53DD4D2491258E4BDBFC /* Resources */,
				98F50DE75DB38BD7FDB44FB4 /* Frameworks */,
			);
			buildRules = (
			);
			dependencies = (
			);
			name = Pickroom;
			packageProductDependencies = (
				8289D8FB4B91C6DC184CD4A3 /* RawEngine */,
			);
			productName = Pickroom;
			productReference = 5F7930C5B56F817C5CED6763 /* Pickroom.app */;
			productType = "com.apple.product-type.application";
		};
/* End PBXNativeTarget section */

/* Begin PBXProject section */
		247DA3AC33E754C523C34B8A /* Project object */ = {
			isa = PBXProject;
			attributes = {
				BuildIndependentTargetsInParallel = YES;
				LastUpgradeCheck = 1430;
				TargetAttributes = {
					86BFC6A5834851182B85671E = {
						ProvisioningStyle = Automatic;
					};
					CFDF25868F9BAF574017C0C3 = {
						ProvisioningStyle = Automatic;
					};
				};
			};
			buildConfigurationList = A36C76422CDE2F0BD74D00E3 /* Build configuration list for PBXProject "Pickroom" */;
			developmentRegion = en;
			hasScannedForEncodings = 0;
			knownRegions = (
				Base,
				en,
			);
			mainGroup = 90A315ACFF3A5EECCB072C75;
			minimizedProjectReferenceProxies = 1;
			packageReferences = (
				A7B14796CEEA6856A3729D09 /* XCLocalSwiftPackageReference "Packages/RawEngine" */,
			);
			preferredProjectObjectVersion = 77;
			productRefGroup = B94833D9DDDC1DD025A604AD /* Products */;
			projectDirPath = "";
			projectRoot = "";
			targets = (
				CFDF25868F9BAF574017C0C3 /* Pickroom */,
				86BFC6A5834851182B85671E /* PickroomTests */,
			);
		};
/* End PBXProject section */

/* Begin PBXResourcesBuildPhase section */
		9C6F53DD4D2491258E4BDBFC /* Resources */ = {
			isa = PBXResourcesBuildPhase;
			buildActionMask = 2147483647;
			files = (
				35D0942280E5039859ED673A /* Assets.xcassets in Resources */,
				35D0942280E5039859ED673B /* AppIcon.icon in Resources */,
			);
			runOnlyForDeploymentPostprocessing = 0;
		};
/* End PBXResourcesBuildPhase section */

/* Begin PBXSourcesBuildPhase section */
		12C86B107A6095B3641601CC /* Sources */ = {
			isa = PBXSourcesBuildPhase;
			buildActionMask = 2147483647;
			files = (
				AD68F6F110B4632DA8B45471 /* PhotoLibraryScannerTests.swift in Sources */,
				963B5FEE0586F0F6AB7C0997 /* PhotoMetadataTests.swift in Sources */,
				A1C0DE0000000000000000B2 /* CullingShortcutTests.swift in Sources */,
				153E70539709C1A0B3166947 /* RawEngineIntegrationTests.swift in Sources */,
				7519E8A46A3ADAF86E34A006 /* RejectedPhotoManagerTests.swift in Sources */,
			);
			runOnlyForDeploymentPostprocessing = 0;
		};
		25E04801EC68C7A91FE886BF /* Sources */ = {
			isa = PBXSourcesBuildPhase;
			buildActionMask = 2147483647;
			files = (
				697BD2E3ABD199D84E1E3182 /* AppModel.swift in Sources */,
				6C9F4B0141B024E512EE2D8F /* CaptureStrip.swift in Sources */,
				1E93F849B631AC450F61E9A6 /* DecisionBar.swift in Sources */,
				3431FFAEA9975B01AF8F4F82 /* EmptyLibraryView.swift in Sources */,
				848FC19F09A21E5224F6A02B /* FilmstripView.swift in Sources */,
				EFEF28F112A2DB5F9A2A4F0C /* InspectorView.swift in Sources */,
				1B03F3451503090786D7AA11 /* MetadataReader.swift in Sources */,
				BCBFB9A035C76FC468254FFF /* PhotoAsset.swift in Sources */,
				E00E48053FF3EE32B8B6E616 /* PhotoCanvas.swift in Sources */,
				A1C0DE0000000000000000C2 /* TrackpadScroll.swift in Sources */,
				38402D4A7A4D03DA9768C187 /* PhotoDecision.swift in Sources */,
				099134B7A9A18F50C1FD600F /* PhotoGridView.swift in Sources */,
				46D431147DEA5C4A3844171B /* PhotoLibraryScanner.swift in Sources */,
				45C07B4B282EF04155C3243D /* PhotoMetadata.swift in Sources */,
				B4C21DAE9275CBA8CBECBCDD /* PickroomApp.swift in Sources */,
				8EC2FB84546EECBC0BBF3210 /* PickroomColors.swift in Sources */,
				FB56D38DFBFD20EFE907B84D /* PickroomCommands.swift in Sources */,
				A1C0DE0000000000000000A2 /* CullingShortcuts.swift in Sources */,
				FC2B4539E31EB37AC5D9A851 /* PreviewPipeline.swift in Sources */,
				A8B07C78562B7658EA25A39F /* RejectedPhotoManager.swift in Sources */,
				7924443CD1B120AC189DA573 /* RootView.swift in Sources */,
				98B6F38CDAAC043FD507631F /* SVGSupport.swift in Sources */,
				D834F9CBC6D2704ABCEDA47C /* SelectionStore.swift in Sources */,
				ED29436789412C1601B08233 /* SidebarView.swift in Sources */,
				3873D7F70DA5264846188B7B /* WorkspaceView.swift in Sources */,
			);
			runOnlyForDeploymentPostprocessing = 0;
		};
/* End PBXSourcesBuildPhase section */

/* Begin PBXTargetDependency section */
		75F81F79975FC6990BCADA80 /* PBXTargetDependency */ = {
			isa = PBXTargetDependency;
			target = CFDF25868F9BAF574017C0C3 /* Pickroom */;
			targetProxy = F87BB94204321F42633DCD16 /* PBXContainerItemProxy */;
		};
/* End PBXTargetDependency section */

/* Begin XCBuildConfiguration section */
		420028F7609F4DCDF44D1BA0 /* Release */ = {
			isa = XCBuildConfiguration;
			buildSettings = {
				ASSETCATALOG_COMPILER_APPICON_NAME = AppIcon;
				ASSETCATALOG_COMPILER_GLOBAL_ACCENT_COLOR_NAME = AccentColor;
				COMBINE_HIDPI_IMAGES = YES;
				ENABLE_APP_SANDBOX = NO;
				GENERATE_INFOPLIST_FILE = YES;
				INFOPLIST_KEY_CFBundleDisplayName = Pickroom;
				INFOPLIST_KEY_LSApplicationCategoryType = "public.app-category.photography";
				INFOPLIST_KEY_NSHumanReadableCopyright = "Copyright © 2026 Junyi Zhang. All rights reserved.";
				LD_RUNPATH_SEARCH_PATHS = (
					"$(inherited)",
					"@executable_path/../Frameworks",
				);
				PRODUCT_BUNDLE_IDENTIFIER = com.junyizhang.Pickroom;
				PRODUCT_NAME = Pickroom;
				SDKROOT = macosx;
				SWIFT_STRICT_CONCURRENCY = targeted;
			};
			name = Release;
		};
		4E4DFCE9F5B1086213739FE1 /* Debug */ = {
			isa = XCBuildConfiguration;
			buildSettings = {
				ASSETCATALOG_COMPILER_APPICON_NAME = AppIcon;
				ASSETCATALOG_COMPILER_GLOBAL_ACCENT_COLOR_NAME = AccentColor;
				COMBINE_HIDPI_IMAGES = YES;
				ENABLE_APP_SANDBOX = NO;
				GENERATE_INFOPLIST_FILE = YES;
				INFOPLIST_KEY_CFBundleDisplayName = Pickroom;
				INFOPLIST_KEY_LSApplicationCategoryType = "public.app-category.photography";
				INFOPLIST_KEY_NSHumanReadableCopyright = "Copyright © 2026 Junyi Zhang. All rights reserved.";
				LD_RUNPATH_SEARCH_PATHS = (
					"$(inherited)",
					"@executable_path/../Frameworks",
				);
				PRODUCT_BUNDLE_IDENTIFIER = com.junyizhang.Pickroom;
				PRODUCT_NAME = Pickroom;
				SDKROOT = macosx;
				SWIFT_STRICT_CONCURRENCY = targeted;
			};
			name = Debug;
		};
		6B3AC440AD35168588B962FA /* Debug */ = {
			isa = XCBuildConfiguration;
			buildSettings = {
				ALWAYS_SEARCH_USER_PATHS = NO;
				CLANG_ANALYZER_NONNULL = YES;
				CLANG_ANALYZER_NUMBER_OBJECT_CONVERSION = YES_AGGRESSIVE;
				CLANG_CXX_LANGUAGE_STANDARD = "gnu++14";
				CLANG_CXX_LIBRARY = "libc++";
				CLANG_ENABLE_MODULES = YES;
				CLANG_ENABLE_OBJC_ARC = YES;
				CLANG_ENABLE_OBJC_WEAK = YES;
				CLANG_WARN_BLOCK_CAPTURE_AUTORELEASING = YES;
				CLANG_WARN_BOOL_CONVERSION = YES;
				CLANG_WARN_COMMA = YES;
				CLANG_WARN_CONSTANT_CONVERSION = YES;
				CLANG_WARN_DEPRECATED_OBJC_IMPLEMENTATIONS = YES;
				CLANG_WARN_DIRECT_OBJC_ISA_USAGE = YES_ERROR;
				CLANG_WARN_DOCUMENTATION_COMMENTS = YES;
				CLANG_WARN_EMPTY_BODY = YES;
				CLANG_WARN_ENUM_CONVERSION = YES;
				CLANG_WARN_INFINITE_RECURSION = YES;
				CLANG_WARN_INT_CONVERSION = YES;
				CLANG_WARN_NON_LITERAL_NULL_CONVERSION = YES;
				CLANG_WARN_OBJC_IMPLICIT_RETAIN_SELF = YES;
				CLANG_WARN_OBJC_LITERAL_CONVERSION = YES;
				CLANG_WARN_OBJC_ROOT_CLASS = YES_ERROR;
				CLANG_WARN_QUOTED_INCLUDE_IN_FRAMEWORK_HEADER = YES;
				CLANG_WARN_RANGE_LOOP_ANALYSIS = YES;
				CLANG_WARN_STRICT_PROTOTYPES = YES;
				CLANG_WARN_SUSPICIOUS_MOVE = YES;
				CLANG_WARN_UNGUARDED_AVAILABILITY = YES_AGGRESSIVE;
				CLANG_WARN_UNREACHABLE_CODE = YES;
				CLANG_WARN__DUPLICATE_METHOD_MATCH = YES;
				CODE_SIGN_STYLE = Automatic;
				COPY_PHASE_STRIP = NO;
				DEBUG_INFORMATION_FORMAT = dwarf;
				ENABLE_STRICT_OBJC_MSGSEND = YES;
				ENABLE_TESTABILITY = YES;
				GCC_C_LANGUAGE_STANDARD = gnu11;
				GCC_DYNAMIC_NO_PIC = NO;
				GCC_NO_COMMON_BLOCKS = YES;
				GCC_OPTIMIZATION_LEVEL = 0;
				GCC_PREPROCESSOR_DEFINITIONS = (
					"$(inherited)",
					"DEBUG=1",
				);
				GCC_WARN_64_TO_32_BIT_CONVERSION = YES;
				GCC_WARN_ABOUT_RETURN_TYPE = YES_ERROR;
				GCC_WARN_UNDECLARED_SELECTOR = YES;
				GCC_WARN_UNINITIALIZED_AUTOS = YES_AGGRESSIVE;
				GCC_WARN_UNUSED_FUNCTION = YES;
				GCC_WARN_UNUSED_VARIABLE = YES;
				MACOSX_DEPLOYMENT_TARGET = 14.0;
				MTL_ENABLE_DEBUG_INFO = INCLUDE_SOURCE;
				MTL_FAST_MATH = YES;
				ONLY_ACTIVE_ARCH = YES;
				PRODUCT_NAME = "$(TARGET_NAME)";
				SDKROOT = macosx;
				SWIFT_ACTIVE_COMPILATION_CONDITIONS = DEBUG;
				SWIFT_OPTIMIZATION_LEVEL = "-Onone";
				SWIFT_VERSION = 6.0;
			};
			name = Debug;
		};
		AF8305FC4B737D2FBD1E8E61 /* Release */ = {
			isa = XCBuildConfiguration;
			buildSettings = {
				BUNDLE_LOADER = "$(TEST_HOST)";
				COMBINE_HIDPI_IMAGES = YES;
				GENERATE_INFOPLIST_FILE = YES;
				LD_RUNPATH_SEARCH_PATHS = (
					"$(inherited)",
					"@executable_path/../Frameworks",
					"@loader_path/../Frameworks",
				);
				PRODUCT_BUNDLE_IDENTIFIER = com.junyizhang.PickroomTests;
				SDKROOT = macosx;
				TEST_HOST = "$(BUILT_PRODUCTS_DIR)/Pickroom.app/Contents/MacOS/Pickroom";
			};
			name = Release;
		};
		C52D7C6301D8DD93B4B343B9 /* Debug */ = {
			isa = XCBuildConfiguration;
			buildSettings = {
				BUNDLE_LOADER = "$(TEST_HOST)";
				COMBINE_HIDPI_IMAGES = YES;
				GENERATE_INFOPLIST_FILE = YES;
				LD_RUNPATH_SEARCH_PATHS = (
					"$(inherited)",
					"@executable_path/../Frameworks",
					"@loader_path/../Frameworks",
				);
				PRODUCT_BUNDLE_IDENTIFIER = com.junyizhang.PickroomTests;
				SDKROOT = macosx;
				TEST_HOST = "$(BUILT_PRODUCTS_DIR)/Pickroom.app/Contents/MacOS/Pickroom";
			};
			name = Debug;
		};
		FB9315345703B1101FC4DE37 /* Release */ = {
			isa = XCBuildConfiguration;
			buildSettings = {
				ALWAYS_SEARCH_USER_PATHS = NO;
				CLANG_ANALYZER_NONNULL = YES;
				CLANG_ANALYZER_NUMBER_OBJECT_CONVERSION = YES_AGGRESSIVE;
				CLANG_CXX_LANGUAGE_STANDARD = "gnu++14";
				CLANG_CXX_LIBRARY = "libc++";
				CLANG_ENABLE_MODULES = YES;
				CLANG_ENABLE_OBJC_ARC = YES;
				CLANG_ENABLE_OBJC_WEAK = YES;
				CLANG_WARN_BLOCK_CAPTURE_AUTORELEASING = YES;
				CLANG_WARN_BOOL_CONVERSION = YES;
				CLANG_WARN_COMMA = YES;
				CLANG_WARN_CONSTANT_CONVERSION = YES;
				CLANG_WARN_DEPRECATED_OBJC_IMPLEMENTATIONS = YES;
				CLANG_WARN_DIRECT_OBJC_ISA_USAGE = YES_ERROR;
				CLANG_WARN_DOCUMENTATION_COMMENTS = YES;
				CLANG_WARN_EMPTY_BODY = YES;
				CLANG_WARN_ENUM_CONVERSION = YES;
				CLANG_WARN_INFINITE_RECURSION = YES;
				CLANG_WARN_INT_CONVERSION = YES;
				CLANG_WARN_NON_LITERAL_NULL_CONVERSION = YES;
				CLANG_WARN_OBJC_IMPLICIT_RETAIN_SELF = YES;
				CLANG_WARN_OBJC_LITERAL_CONVERSION = YES;
				CLANG_WARN_OBJC_ROOT_CLASS = YES_ERROR;
				CLANG_WARN_QUOTED_INCLUDE_IN_FRAMEWORK_HEADER = YES;
				CLANG_WARN_RANGE_LOOP_ANALYSIS = YES;
				CLANG_WARN_STRICT_PROTOTYPES = YES;
				CLANG_WARN_SUSPICIOUS_MOVE = YES;
				CLANG_WARN_UNGUARDED_AVAILABILITY = YES_AGGRESSIVE;
				CLANG_WARN_UNREACHABLE_CODE = YES;
				CLANG_WARN__DUPLICATE_METHOD_MATCH = YES;
				CODE_SIGN_STYLE = Automatic;
				COPY_PHASE_STRIP = NO;
				DEBUG_INFORMATION_FORMAT = "dwarf-with-dsym";
				ENABLE_NS_ASSERTIONS = NO;
				ENABLE_STRICT_OBJC_MSGSEND = YES;
				GCC_C_LANGUAGE_STANDARD = gnu11;
				GCC_NO_COMMON_BLOCKS = YES;
				GCC_WARN_64_TO_32_BIT_CONVERSION = YES;
				GCC_WARN_ABOUT_RETURN_TYPE = YES_ERROR;
				GCC_WARN_UNDECLARED_SELECTOR = YES;
				GCC_WARN_UNINITIALIZED_AUTOS = YES_AGGRESSIVE;
				GCC_WARN_UNUSED_FUNCTION = YES;
				GCC_WARN_UNUSED_VARIABLE = YES;
				MACOSX_DEPLOYMENT_TARGET = 14.0;
				MTL_ENABLE_DEBUG_INFO = NO;
				MTL_FAST_MATH = YES;
				PRODUCT_NAME = "$(TARGET_NAME)";
				SDKROOT = macosx;
				SWIFT_COMPILATION_MODE = wholemodule;
				SWIFT_OPTIMIZATION_LEVEL = "-O";
				SWIFT_VERSION = 6.0;
			};
			name = Release;
		};
/* End XCBuildConfiguration section */

/* Begin XCConfigurationList section */
		A36C76422CDE2F0BD74D00E3 /* Build configuration list for PBXProject "Pickroom" */ = {
			isa = XCConfigurationList;
			buildConfigurations = (
				6B3AC440AD35168588B962FA /* Debug */,
				FB9315345703B1101FC4DE37 /* Release */,
			);
			defaultConfigurationIsVisible = 0;
			defaultConfigurationName = Debug;
		};
		F1D09A027B589BE5BFA0EC65 /* Build configuration list for PBXNativeTarget "Pickroom" */ = {
			isa = XCConfigurationList;
			buildConfigurations = (
				4E4DFCE9F5B1086213739FE1 /* Debug */,
				420028F7609F4DCDF44D1BA0 /* Release */,
			);
			defaultConfigurationIsVisible = 0;
			defaultConfigurationName = Debug;
		};
		F3AEE58D15924544186313CD /* Build configuration list for PBXNativeTarget "PickroomTests" */ = {
			isa = XCConfigurationList;
			buildConfigurations = (
				C52D7C6301D8DD93B4B343B9 /* Debug */,
				AF8305FC4B737D2FBD1E8E61 /* Release */,
			);
			defaultConfigurationIsVisible = 0;
			defaultConfigurationName = Debug;
		};
/* End XCConfigurationList section */

/* Begin XCLocalSwiftPackageReference section */
		A7B14796CEEA6856A3729D09 /* XCLocalSwiftPackageReference "Packages/RawEngine" */ = {
			isa = XCLocalSwiftPackageReference;
			relativePath = Packages/RawEngine;
		};
/* End XCLocalSwiftPackageReference section */

/* Begin XCSwiftPackageProductDependency section */
		8289D8FB4B91C6DC184CD4A3 /* RawEngine */ = {
			isa = XCSwiftPackageProductDependency;
			productName = RawEngine;
		};
		978527310D135EDB75FD6DE6 /* RawEngine */ = {
			isa = XCSwiftPackageProductDependency;
			productName = RawEngine;
		};
/* End XCSwiftPackageProductDependency section */
	};
	rootObject = 247DA3AC33E754C523C34B8A /* Project object */;
}
